{
  "pins" : [
    {
      "identity" : "rxcombine",
      "kind" : "remoteSourceControl",
      "location" : "https://github.com/CombineCommunity/RxCombine.git",
      "state" : {
        "branch" : "main",
        "revision" : "010ef6fcca69cbbabe8ed7f52b31485b70c3a22d"
      }
    },
    {
      "identity" : "rxswift",
      "kind" : "remoteSourceControl",
      "location" : "https://github.com/ReactiveX/RxSwift.git",
      "state" : {
        "branch" : "main",
        "revision" : "5004a18539bd68905c5939aa893075f578f4f03d"
      }
    }
  ],
  "version" : 2
}
